
Microsoft Visual Studio Solution File, Format Version 12.00
# Visual Studio 15
VisualStudioVersion = 15.0.28307.572
MinimumVisualStudioVersion = 10.0.40219.1
Project("{FAE04EC0-301F-11D3-BF4B-00C04F79EFBC}") = "Playhub", "Playhub\Playhub.csproj", "{3C76DFCD-2CD2-4C8F-A42B-F08589C8FF6C}"
EndProject
Global
	GlobalSection(SolutionConfigurationPlatforms) = preSolution
		Debug|Any CPU = Debug|Any CPU
		Release|Any CPU = Release|Any CPU
	EndGlobalSection
	GlobalSection(ProjectConfigurationPlatforms) = postSolution
		{3C76DFCD-2CD2-4C8F-A42B-F08589C8FF6C}.Debug|Any CPU.ActiveCfg = Debug|Any CPU
		{3C76DFCD-2CD2-4C8F-A42B-F08589C8FF6C}.Debug|Any CPU.Build.0 = Debug|Any CPU
		{3C76DFCD-2CD2-4C8F-A42B-F08589C8FF6C}.Release|Any CPU.ActiveCfg = Release|Any CPU
		{3C76DFCD-2CD2-4C8F-A42B-F08589C8FF6C}.Release|Any CPU.Build.0 = Release|Any CPU
	EndGlobalSection
	GlobalSection(SolutionProperties) = preSolution
		HideSolutionNode = FALSE
	EndGlobalSection
	GlobalSection(ExtensibilityGlobals) = postSolution
		SolutionGuid = {74243EE2-17D4-4EE1-A5BD-471605B3DE5E}
	EndGlobalSection
EndGlobal
